Microsoft Visual Studio Solution File, Format Version 12.00
# Visual Studio Version 18
VisualStudioVersion = 18.0.11222.15
MinimumVisualStudioVersion = 16.0.0.0
Project("{FAE04EC0-301F-11D3-BF4B-00C04F79EFBC}") = "DataLayer", "CoreLibrary\DataLayer\DataLayer.csproj", "{5899FA24-1820-72B7-4671-7C3EE8035F2F}"
EndProject
Project("{FAE04EC0-301F-11D3-BF4B-00C04F79EFBC}") = "MoogleKhErp", "WebApp\MoogleKhErp\MoogleKhErp.csproj", "{EE4F389B-287C-AC06-238B-703A6B673636}"
EndProject
Project("{FAE04EC0-301F-11D3-BF4B-00C04F79EFBC}") = "MoogleKhErp.Client", "WebApp\MoogleKhErp.Client\MoogleKhErp.Client.csproj", "{059B068A-52BC-8D0C-7693-0887D306DCD0}"
EndProject
Project("{FAE04EC0-301F-11D3-BF4B-00C04F79EFBC}") = "PruTech_ITSM_CMDB.Client", "WebApp\PruTech_ITSM_CMDB.Client\PruTech_ITSM_CMDB.Client.csproj", "{0A9B9DFF-A356-DF8C-79FD-EA4B881BAFAB}"
EndProject
Project("{FAE04EC0-301F-11D3-BF4B-00C04F79EFBC}") = "PruTech_ITSM_CMDB", "WebApp\PruTech_ITSM_CMDB\PruTech_ITSM_CMDB.csproj", "{F688FE88-4F26-751E-FAE4-15B498254A7B}"
EndProject
Project("{FAE04EC0-301F-11D3-BF4B-00C04F79EFBC}") = "PruIT_CMDB_ITSM", "WebApp\PruIT_CMDB_ITSM\PruIT_CMDB_ITSM\PruIT_CMDB_ITSM.csproj", "{6063527D-F919-4365-B674-1CC22B1F5F77}"
EndProject
Project("{FAE04EC0-301F-11D3-BF4B-00C04F79EFBC}") = "PruIT_CMDB_ITSM.Client", "WebApp\PruIT_CMDB_ITSM\PruIT_CMDB_ITSM.Client\PruIT_CMDB_ITSM.Client.csproj", "{0B813D7C-58C6-45E2-9944-C4D3C51BE8C9}"
EndProject
Global
	GlobalSection(SolutionConfigurationPlatforms) = preSolution
		Debug|Any CPU = Debug|Any CPU
		Release|Any CPU = Release|Any CPU
	EndGlobalSection
	GlobalSection(ProjectConfigurationPlatforms) = postSolution
		{5899FA24-1820-72B7-4671-7C3EE8035F2F}.Debug|Any CPU.ActiveCfg = Debug|Any CPU
		{5899FA24-1820-72B7-4671-7C3EE8035F2F}.Debug|Any CPU.Build.0 = Debug|Any CPU
		{5899FA24-1820-72B7-4671-7C3EE8035F2F}.Release|Any CPU.ActiveCfg = Release|Any CPU
		{5899FA24-1820-72B7-4671-7C3EE8035F2F}.Release|Any CPU.Build.0 = Release|Any CPU
		{EE4F389B-287C-AC06-238B-703A6B673636}.Debug|Any CPU.ActiveCfg = Debug|Any CPU
		{EE4F389B-287C-AC06-238B-703A6B673636}.Debug|Any CPU.Build.0 = Debug|Any CPU
		{EE4F389B-287C-AC06-238B-703A6B673636}.Release|Any CPU.ActiveCfg = Release|Any CPU
		{EE4F389B-287C-AC06-238B-703A6B673636}.Release|Any CPU.Build.0 = Release|Any CPU
		{059B068A-52BC-8D0C-7693-0887D306DCD0}.Debug|Any CPU.ActiveCfg = Debug|Any CPU
		{059B068A-52BC-8D0C-7693-0887D306DCD0}.Debug|Any CPU.Build.0 = Debug|Any CPU
		{059B068A-52BC-8D0C-7693-0887D306DCD0}.Release|Any CPU.ActiveCfg = Release|Any CPU
		{059B068A-52BC-8D0C-7693-0887D306DCD0}.Release|Any CPU.Build.0 = Release|Any CPU
		{0A9B9DFF-A356-DF8C-79FD-EA4B881BAFAB}.Debug|Any CPU.ActiveCfg = Debug|Any CPU
		{0A9B9DFF-A356-DF8C-79FD-EA4B881BAFAB}.Debug|Any CPU.Build.0 = Debug|Any CPU
		{0A9B9DFF-A356-DF8C-79FD-EA4B881BAFAB}.Release|Any CPU.ActiveCfg = Release|Any CPU
		{0A9B9DFF-A356-DF8C-79FD-EA4B881BAFAB}.Release|Any CPU.Build.0 = Release|Any CPU
		{F688FE88-4F26-751E-FAE4-15B498254A7B}.Debug|Any CPU.ActiveCfg = Debug|Any CPU
		{F688FE88-4F26-751E-FAE4-15B498254A7B}.Debug|Any CPU.Build.0 = Debug|Any CPU
		{F688FE88-4F26-751E-FAE4-15B498254A7B}.Release|Any CPU.ActiveCfg = Release|Any CPU
		{F688FE88-4F26-751E-FAE4-15B498254A7B}.Release|Any CPU.Build.0 = Release|Any CPU
		{6063527D-F919-4365-B674-1CC22B1F5F77}.Debug|Any CPU.ActiveCfg = Debug|Any CPU
		{6063527D-F919-4365-B674-1CC22B1F5F77}.Debug|Any CPU.Build.0 = Debug|Any CPU
		{6063527D-F919-4365-B674-1CC22B1F5F77}.Release|Any CPU.ActiveCfg = Release|Any CPU
		{6063527D-F919-4365-B674-1CC22B1F5F77}.Release|Any CPU.Build.0 = Release|Any CPU
		{0B813D7C-58C6-45E2-9944-C4D3C51BE8C9}.Debug|Any CPU.ActiveCfg = Debug|Any CPU
		{0B813D7C-58C6-45E2-9944-C4D3C51BE8C9}.Debug|Any CPU.Build.0 = Debug|Any CPU
		{0B813D7C-58C6-45E2-9944-C4D3C51BE8C9}.Release|Any CPU.ActiveCfg = Release|Any CPU
		{0B813D7C-58C6-45E2-9944-C4D3C51BE8C9}.Release|Any CPU.Build.0 = Release|Any CPU
	EndGlobalSection
	GlobalSection(SolutionProperties) = preSolution
		HideSolutionNode = FALSE
	EndGlobalSection
	GlobalSection(ExtensibilityGlobals) = postSolution
		SolutionGuid = {1F7DBF70-DC46-4045-A3CD-8CE4E23137BB}
	EndGlobalSection
EndGlobal
